// !$*UTF8*$!
{
	archiveVersion = 1;
	classes = {
	};
	objectVersion = 56;
	objects = {

/* Begin PBXBuildFile section */
		B43D77D92CFA2B34002EB5A8 /* EvolveAssignmentApp.swift in Sources */ = {isa = PBXBuildFile; fileRef = B43D77D82CFA2B34002EB5A8 /* EvolveAssignmentApp.swift */; };
		B43D77DB2CFA2B34002EB5A8 /* ContentView.swift in Sources */ = {isa = PBXBuildFile; fileRef = B43D77DA2CFA2B34002EB5A8 /* ContentView.swift */; };
		B43D77DD2CFA2B35002EB5A8 /* Assets.xcassets in Resources */ = {isa = PBXBuildFile; fileRef = B43D77DC2CFA2B35002EB5A8 /* Assets.xcassets */; };
		B43D77E02CFA2B35002EB5A8 /* Preview Assets.xcassets in Resources */ = {isa = PBXBuildFile; fileRef = B43D77DF2CFA2B35002EB5A8 /* Preview Assets.xcassets */; };
		B43D77E82CFC9B1D002EB5A8 /* HomeDataModel.swift in Sources */ = {isa = PBXBuildFile; fileRef = B43D77E72CFC9B1D002EB5A8 /* HomeDataModel.swift */; };
		B43D77EB2CFCA19B002EB5A8 /* NetworkManager.swift in Sources */ = {isa = PBXBuildFile; fileRef = B43D77EA2CFCA19B002EB5A8 /* NetworkManager.swift */; };
		B43D77F02CFCAC60002EB5A8 /* HomeViewModel.swift in Sources */ = {isa = PBXBuildFile; fileRef = B43D77EF2CFCAC60002EB5A8 /* HomeViewModel.swift */; };
		B43D77F32CFE0B51002EB5A8 /* SDWebImageSwiftUI in Frameworks */ = {isa = PBXBuildFile; productRef = B43D77F22CFE0B51002EB5A8 /* SDWebImageSwiftUI */; };
		B47CE5B12D16FF21004DB467 /* Constants.swift in Sources */ = {isa = PBXBuildFile; fileRef = B47CE5B02D16FF21004DB467 /* Constants.swift */; };
		B47CE5B32D16FF6D004DB467 /* Fonts.swift in Sources */ = {isa = PBXBuildFile; fileRef = B47CE5B22D16FF6D004DB467 /* Fonts.swift */; };
		B47CE5B42D170437004DB467 /* Poppins-Light.ttf in Resources */ = {isa = PBXBuildFile; fileRef = B47CE5AD2D16FE2A004DB467 /* Poppins-Light.ttf */; };
		B47CE5B52D17043A004DB467 /* Poppins-Regular.ttf in Resources */ = {isa = PBXBuildFile; fileRef = B47CE5A92D16FE07004DB467 /* Poppins-Regular.ttf */; };
		B47CE5B62D17043D004DB467 /* Poppins-Medium.ttf in Resources */ = {isa = PBXBuildFile; fileRef = B47CE5A72D16FDE7004DB467 /* Poppins-Medium.ttf */; };
		B47CE5B72D170440004DB467 /* Poppins-SemiBold.ttf in Resources */ = {isa = PBXBuildFile; fileRef = B47CE5AA2D16FE12004DB467 /* Poppins-SemiBold.ttf */; };
		B47CE5B82D170442004DB467 /* Poppins-Bold.ttf in Resources */ = {isa = PBXBuildFile; fileRef = B47CE5A82D16FE06004DB467 /* Poppins-Bold.ttf */; };
		B47CE5B92D170445004DB467 /* Poppins-ExtraBold.ttf in Resources */ = {isa = PBXBuildFile; fileRef = B47CE5AB2D16FE21004DB467 /* Poppins-ExtraBold.ttf */; };
		B47CE5BB2D184747004DB467 /* NoItemView.swift in Sources */ = {isa = PBXBuildFile; fileRef = B47CE5BA2D184747004DB467 /* NoItemView.swift */; };
/* End PBXBuildFile section */

/* Begin PBXFileReference section */
		B43D77D52CFA2B34002EB5A8 /* EvolveAssignment.app */ = {isa = PBXFileReference; explicitFileType = wrapper.application; includeInIndex = 0; path = EvolveAssignment.app; sourceTree = BUILT_PRODUCTS_DIR; };
		B43D77D82CFA2B34002EB5A8 /* EvolveAssignmentApp.swift */ = {isa = PBXFileReference; lastKnownFileType = sourcecode.swift; path = EvolveAssignmentApp.swift; sourceTree = "<group>"; };
		B43D77DA2CFA2B34002EB5A8 /* ContentView.swift */ = {isa = PBXFileReference; lastKnownFileType = sourcecode.swift; path = ContentView.swift; sourceTree = "<group>"; };
		B43D77DC2CFA2B35002EB5A8 /* Assets.xcassets */ = {isa = PBXFileReference; lastKnownFileType = folder.assetcatalog; path = Assets.xcassets; sourceTree = "<group>"; };
		B43D77DF2CFA2B35002EB5A8 /* Preview Assets.xcassets */ = {isa = PBXFileReference; lastKnownFileType = folder.assetcatalog; path = "Preview Assets.xcassets"; sourceTree = "<group>"; };
		B43D77E72CFC9B1D002EB5A8 /* HomeDataModel.swift */ = {isa = PBXFileReference; lastKnownFileType = sourcecode.swift; path = HomeDataModel.swift; sourceTree = "<group>"; };
		B43D77EA2CFCA19B002EB5A8 /* NetworkManager.swift */ = {isa = PBXFileReference; lastKnownFileType = sourcecode.swift; path = NetworkManager.swift; sourceTree = "<group>"; };
		B43D77EF2CFCAC60002EB5A8 /* HomeViewModel.swift */ = {isa = PBXFileReference; lastKnownFileType = sourcecode.swift; path = HomeViewModel.swift; sourceTree = "<group>"; };
		B47CE5A72D16FDE7004DB467 /* Poppins-Medium.ttf */ = {isa = PBXFileReference; lastKnownFileType = file; path = "Poppins-Medium.ttf"; sourceTree = "<group>"; };
		B47CE5A82D16FE06004DB467 /* Poppins-Bold.ttf */ = {isa = PBXFileReference; lastKnownFileType = file; path = "Poppins-Bold.ttf"; sourceTree = "<group>"; };
		B47CE5A92D16FE07004DB467 /* Poppins-Regular.ttf */ = {isa = PBXFileReference; lastKnownFileType = file; path = "Poppins-Regular.ttf"; sourceTree = "<group>"; };
		B47CE5AA2D16FE12004DB467 /* Poppins-SemiBold.ttf */ = {isa = PBXFileReference; lastKnownFileType = file; path = "Poppins-SemiBold.ttf"; sourceTree = "<group>"; };
		B47CE5AB2D16FE21004DB467 /* Poppins-ExtraBold.ttf */ = {isa = PBXFileReference; lastKnownFileType = file; path = "Poppins-ExtraBold.ttf"; sourceTree = "<group>"; };
		B47CE5AD2D16FE2A004DB467 /* Poppins-Light.ttf */ = {isa = PBXFileReference; lastKnownFileType = file; path = "Poppins-Light.ttf"; sourceTree = "<group>"; };
		B47CE5AE2D16FE93004DB467 /* Info.plist */ = {isa = PBXFileReference; lastKnownFileType = text.plist; path = Info.plist; sourceTree = "<group>"; };
		B47CE5B02D16FF21004DB467 /* Constants.swift */ = {isa = PBXFileReference; lastKnownFileType = sourcecode.swift; path = Constants.swift; sourceTree = "<group>"; };
		B47CE5B22D16FF6D004DB467 /* Fonts.swift */ = {isa = PBXFileReference; lastKnownFileType = sourcecode.swift; path = Fonts.swift; sourceTree = "<group>"; };
		B47CE5BA2D184747004DB467 /* NoItemView.swift */ = {isa = PBXFileReference; lastKnownFileType = sourcecode.swift; path = NoItemView.swift; sourceTree = "<group>"; };
/* End PBXFileReference section */

/* Begin PBXFrameworksBuildPhase section */
		B43D77D22CFA2B34002EB5A8 /* Frameworks */ = {
			isa = PBXFrameworksBuildPhase;
			buildActionMask = 2147483647;
			files = (
				B43D77F32CFE0B51002EB5A8 /* SDWebImageSwiftUI in Frameworks */,
			);
			runOnlyForDeploymentPostprocessing = 0;
		};
/* End PBXFrameworksBuildPhase section */

/* Begin PBXGroup section */
		B43D77CC2CFA2B34002EB5A8 = {
			isa = PBXGroup;
			children = (
				B43D77D72CFA2B34002EB5A8 /* EvolveAssignment */,
				B43D77D62CFA2B34002EB5A8 /* Products */,
			);
			sourceTree = "<group>";
		};
		B43D77D62CFA2B34002EB5A8 /* Products */ = {
			isa = PBXGroup;
			children = (
				B43D77D52CFA2B34002EB5A8 /* EvolveAssignment.app */,
			);
			name = Products;
			sourceTree = "<group>";
		};
		B43D77D72CFA2B34002EB5A8 /* EvolveAssignment */ = {
			isa = PBXGroup;
			children = (
				B47CE5AE2D16FE93004DB467 /* Info.plist */,
				B43D77E92CFCA172002EB5A8 /* Manager */,
				B43D77EC2CFCAC2A002EB5A8 /* Core */,
				B43D77E62CFC9B0A002EB5A8 /* Models */,
				B47CE5AF2D16FF0F004DB467 /* Constants */,
				B47CE5A62D16FDD1004DB467 /* Fonts */,
				B43D77DC2CFA2B35002EB5A8 /* Assets.xcassets */,
				B43D77D82CFA2B34002EB5A8 /* EvolveAssignmentApp.swift */,
				B43D77DE2CFA2B35002EB5A8 /* Preview Content */,
			);
			path = EvolveAssignment;
			sourceTree = "<group>";
		};
		B43D77DE2CFA2B35002EB5A8 /* Preview Content */ = {
			isa = PBXGroup;
			children = (
				B43D77DF2CFA2B35002EB5A8 /* Preview Assets.xcassets */,
			);
			path = "Preview Content";
			sourceTree = "<group>";
		};
		B43D77E62CFC9B0A002EB5A8 /* Models */ = {
			isa = PBXGroup;
			children = (
				B43D77E72CFC9B1D002EB5A8 /* HomeDataModel.swift */,
			);
			path = Models;
			sourceTree = "<group>";
		};
		B43D77E92CFCA172002EB5A8 /* Manager */ = {
			isa = PBXGroup;
			children = (
				B43D77EA2CFCA19B002EB5A8 /* NetworkManager.swift */,
			);
			path = Manager;
			sourceTree = "<group>";
		};
		B43D77EC2CFCAC2A002EB5A8 /* Core */ = {
			isa = PBXGroup;
			children = (
				B43D77EE2CFCAC4B002EB5A8 /* ViewModel */,
				B43D77ED2CFCAC40002EB5A8 /* Views */,
			);
			path = Core;
			sourceTree = "<group>";
		};
		B43D77ED2CFCAC40002EB5A8 /* Views */ = {
			isa = PBXGroup;
			children = (
				B43D77DA2CFA2B34002EB5A8 /* ContentView.swift */,
				B47CE5BA2D184747004DB467 /* NoItemView.swift */,
			);
			path = Views;
			sourceTree = "<group>";
		};
		B43D77EE2CFCAC4B002EB5A8 /* ViewModel */ = {
			isa = PBXGroup;
			children = (
				B43D77EF2CFCAC60002EB5A8 /* HomeViewModel.swift */,
			);
			path = ViewModel;
			sourceTree = "<group>";
		};
		B47CE5A62D16FDD1004DB467 /* Fonts */ = {
			isa = PBXGroup;
			children = (
				B47CE5AD2D16FE2A004DB467 /* Poppins-Light.ttf */,
				B47CE5A92D16FE07004DB467 /* Poppins-Regular.ttf */,
				B47CE5A72D16FDE7004DB467 /* Poppins-Medium.ttf */,
				B47CE5AA2D16FE12004DB467 /* Poppins-SemiBold.ttf */,
				B47CE5A82D16FE06004DB467 /* Poppins-Bold.ttf */,
				B47CE5AB2D16FE21004DB467 /* Poppins-ExtraBold.ttf */,
			);
			path = Fonts;
			sourceTree = "<group>";
		};
		B47CE5AF2D16FF0F004DB467 /* Constants */ = {
			isa = PBXGroup;
			children = (
				B47CE5B02D16FF21004DB467 /* Constants.swift */,
				B47CE5B22D16FF6D004DB467 /* Fonts.swift */,
			);
			path = Constants;
			sourceTree = "<group>";
		};
/* End PBXGroup section */

/* Begin PBXNativeTarget section */
		B43D77D42CFA2B34002EB5A8 /* EvolveAssignment */ = {
			isa = PBXNativeTarget;
			buildConfigurationList = B43D77E32CFA2B35002EB5A8 /* Build configuration list for PBXNativeTarget "EvolveAssignment" */;
			buildPhases = (
				B43D77D12CFA2B34002EB5A8 /* Sources */,
				B43D77D22CFA2B34002EB5A8 /* Frameworks */,
				B43D77D32CFA2B34002EB5A8 /* Resources */,
			);
			buildRules = (
			);
			dependencies = (
			);
			name = EvolveAssignment;
			packageProductDependencies = (
				B43D77F22CFE0B51002EB5A8 /* SDWebImageSwiftUI */,
			);
			productName = EvolveAssignment;
			productReference = B43D77D52CFA2B34002EB5A8 /* EvolveAssignment.app */;
			productType = "com.apple.product-type.application";
		};
/* End PBXNativeTarget section */

/* Begin PBXProject section */
		B43D77CD2CFA2B34002EB5A8 /* Project object */ = {
			isa = PBXProject;
			attributes = {
				BuildIndependentTargetsInParallel = 1;
				LastSwiftUpdateCheck = 1530;
				LastUpgradeCheck = 1530;
				TargetAttributes = {
					B43D77D42CFA2B34002EB5A8 = {
						CreatedOnToolsVersion = 15.3;
					};
				};
			};
			buildConfigurationList = B43D77D02CFA2B34002EB5A8 /* Build configuration list for PBXProject "EvolveAssignment" */;
			compatibilityVersion = "Xcode 14.0";
			developmentRegion = en;
			hasScannedForEncodings = 0;
			knownRegions = (
				en,
				Base,
			);
			mainGroup = B43D77CC2CFA2B34002EB5A8;
			packageReferences = (
				B43D77F12CFE0B51002EB5A8 /* XCRemoteSwiftPackageReference "SDWebImageSwiftUI" */,
			);
			productRefGroup = B43D77D62CFA2B34002EB5A8 /* Products */;
			projectDirPath = "";
			projectRoot = "";
			targets = (
				B43D77D42CFA2B34002EB5A8 /* EvolveAssignment */,
			);
		};
/* End PBXProject section */

/* Begin PBXResourcesBuildPhase section */
		B43D77D32CFA2B34002EB5A8 /* Resources */ = {
			isa = PBXResourcesBuildPhase;
			buildActionMask = 2147483647;
			files = (
				B43D77E02CFA2B35002EB5A8 /* Preview Assets.xcassets in Resources */,
				B47CE5B42D170437004DB467 /* Poppins-Light.ttf in Resources */,
				B47CE5B82D170442004DB467 /* Poppins-Bold.ttf in Resources */,
				B43D77DD2CFA2B35002EB5A8 /* Assets.xcassets in Resources */,
				B47CE5B92D170445004DB467 /* Poppins-ExtraBold.ttf in Resources */,
				B47CE5B72D170440004DB467 /* Poppins-SemiBold.ttf in Resources */,
				B47CE5B52D17043A004DB467 /* Poppins-Regular.ttf in Resources */,
				B47CE5B62D17043D004DB467 /* Poppins-Medium.ttf in Resources */,
			);
			runOnlyForDeploymentPostprocessing = 0;
		};
/* End PBXResourcesBuildPhase section */

/* Begin PBXSourcesBuildPhase section */
		B43D77D12CFA2B34002EB5A8 /* Sources */ = {
			isa = PBXSourcesBuildPhase;
			buildActionMask = 2147483647;
			files = (
				B47CE5B32D16FF6D004DB467 /* Fonts.swift in Sources */,
				B43D77EB2CFCA19B002EB5A8 /* NetworkManager.swift in Sources */,
				B47CE5BB2D184747004DB467 /* NoItemView.swift in Sources */,
				B43D77DB2CFA2B34002EB5A8 /* ContentView.swift in Sources */,
				B43D77D92CFA2B34002EB5A8 /* EvolveAssignmentApp.swift in Sources */,
				B43D77F02CFCAC60002EB5A8 /* HomeViewModel.swift in Sources */,
				B43D77E82CFC9B1D002EB5A8 /* HomeDataModel.swift in Sources */,
				B47CE5B12D16FF21004DB467 /* Constants.swift in Sources */,
			);
			runOnlyForDeploymentPostprocessing = 0;
		};
/* End PBXSourcesBuildPhase section */

/* Begin XCBuildConfiguration section */
		B43D77E12CFA2B35002EB5A8 /* Debug */ = {
			isa = XCBuildConfiguration;
			buildSettings = {
				ALWAYS_SEARCH_USER_PATHS = NO;
				ASSETCATALOG_COMPILER_GENERATE_SWIFT_ASSET_SYMBOL_EXTENSIONS = YES;
				CLANG_ANALYZER_NONNULL = YES;
				CLANG_ANALYZER_NUMBER_OBJECT_CONVERSION = YES_AGGRESSIVE;
				CLANG_CXX_LANGUAGE_STANDARD = "gnu++20";
				CLANG_ENABLE_MODULES = YES;
				CLANG_ENABLE_OBJC_ARC = YES;
				CLANG_ENABLE_OBJC_WEAK = YES;
				CLANG_WARN_BLOCK_CAPTURE_AUTORELEASING = YES;
				CLANG_WARN_BOOL_CONVERSION = YES;
				CLANG_WARN_COMMA = YES;
				CLANG_WARN_CONSTANT_CONVERSION = YES;
				CLANG_WARN_DEPRECATED_OBJC_IMPLEMENTATIONS = YES;
				CLANG_WARN_DIRECT_OBJC_ISA_USAGE = YES_ERROR;
				CLANG_WARN_DOCUMENTATION_COMMENTS = YES;
				CLANG_WARN_EMPTY_BODY = YES;
				CLANG_WARN_ENUM_CONVERSION = YES;
				CLANG_WARN_INFINITE_RECURSION = YES;
				CLANG_WARN_INT_CONVERSION = YES;
				CLANG_WARN_NON_LITERAL_NULL_CONVERSION = YES;
				CLANG_WARN_OBJC_IMPLICIT_RETAIN_SELF = YES;
				CLANG_WARN_OBJC_LITERAL_CONVERSION = YES;
				CLANG_WARN_OBJC_ROOT_CLASS = YES_ERROR;
				CLANG_WARN_QUOTED_INCLUDE_IN_FRAMEWORK_HEADER = YES;
				CLANG_WARN_RANGE_LOOP_ANALYSIS = YES;
				CLANG_WARN_STRICT_PROTOTYPES = YES;
				CLANG_WARN_SUSPICIOUS_MOVE = YES;
				CLANG_WARN_UNGUARDED_AVAILABILITY = YES_AGGRESSIVE;
				CLANG_WARN_UNREACHABLE_CODE = YES;
				CLANG_WARN__DUPLICATE_METHOD_MATCH = YES;
				COPY_PHASE_STRIP = NO;
				DEBUG_INFORMATION_FORMAT = dwarf;
				ENABLE_STRICT_OBJC_MSGSEND = YES;
				ENABLE_TESTABILITY = YES;
				ENABLE_USER_SCRIPT_SANDBOXING = YES;
				GCC_C_LANGUAGE_STANDARD = gnu17;
				GCC_DYNAMIC_NO_PIC = NO;
				GCC_NO_COMMON_BLOCKS = YES;
				GCC_OPTIMIZATION_LEVEL = 0;
				GCC_PREPROCESSOR_DEFINITIONS = (
					"DEBUG=1",
					"$(inherited)",
				);
				GCC_WARN_64_TO_32_BIT_CONVERSION = YES;
				GCC_WARN_ABOUT_RETURN_TYPE = YES_ERROR;
				GCC_WARN_UNDECLARED_SELECTOR = YES;
				GCC_WARN_UNINITIALIZED_AUTOS = YES_AGGRESSIVE;
				GCC_WARN_UNUSED_FUNCTION = YES;
				GCC_WARN_UNUSED_VARIABLE = YES;
				IPHONEOS_DEPLOYMENT_TARGET = 17.4;
				LOCALIZATION_PREFERS_STRING_CATALOGS = YES;
				MTL_ENABLE_DEBUG_INFO = INCLUDE_SOURCE;
				MTL_FAST_MATH = YES;
				ONLY_ACTIVE_ARCH = YES;
				SDKROOT = iphoneos;
				SWIFT_ACTIVE_COMPILATION_CONDITIONS = "DEBUG $(inherited)";
				SWIFT_OPTIMIZATION_LEVEL = "-Onone";
			};
			name = Debug;
		};
		B43D77E22CFA2B35002EB5A8 /* Release */ = {
			isa = XCBuildConfiguration;
			buildSettings = {
				ALWAYS_SEARCH_USER_PATHS = NO;
				ASSETCATALOG_COMPILER_GENERATE_SWIFT_ASSET_SYMBOL_EXTENSIONS = YES;
				CLANG_ANALYZER_NONNULL = YES;
				CLANG_ANALYZER_NUMBER_OBJECT_CONVERSION = YES_AGGRESSIVE;
				CLANG_CXX_LANGUAGE_STANDARD = "gnu++20";
				CLANG_ENABLE_MODULES = YES;
				CLANG_ENABLE_OBJC_ARC = YES;
				CLANG_ENABLE_OBJC_WEAK = YES;
				CLANG_WARN_BLOCK_CAPTURE_AUTORELEASING = YES;
				CLANG_WARN_BOOL_CONVERSION = YES;
				CLANG_WARN_COMMA = YES;
				CLANG_WARN_CONSTANT_CONVERSION = YES;
				CLANG_WARN_DEPRECATED_OBJC_IMPLEMENTATIONS = YES;
				CLANG_WARN_DIRECT_OBJC_ISA_USAGE = YES_ERROR;
				CLANG_WARN_DOCUMENTATION_COMMENTS = YES;
				CLANG_WARN_EMPTY_BODY = YES;
				CLANG_WARN_ENUM_CONVERSION = YES;
				CLANG_WARN_INFINITE_RECURSION = YES;
				CLANG_WARN_INT_CONVERSION = YES;
				CLANG_WARN_NON_LITERAL_NULL_CONVERSION = YES;
				CLANG_WARN_OBJC_IMPLICIT_RETAIN_SELF = YES;
				CLANG_WARN_OBJC_LITERAL_CONVERSION = YES;
				CLANG_WARN_OBJC_ROOT_CLASS = YES_ERROR;
				CLANG_WARN_QUOTED_INCLUDE_IN_FRAMEWORK_HEADER = YES;
				CLANG_WARN_RANGE_LOOP_ANALYSIS = YES;
				CLANG_WARN_STRICT_PROTOTYPES = YES;
				CLANG_WARN_SUSPICIOUS_MOVE = YES;
				CLANG_WARN_UNGUARDED_AVAILABILITY = YES_AGGRESSIVE;
				CLANG_WARN_UNREACHABLE_CODE = YES;
				CLANG_WARN__DUPLICATE_METHOD_MATCH = YES;
				COPY_PHASE_STRIP = NO;
				DEBUG_INFORMATION_FORMAT = "dwarf-with-dsym";
				ENABLE_NS_ASSERTIONS = NO;
				ENABLE_STRICT_OBJC_MSGSEND = YES;
				ENABLE_USER_SCRIPT_SANDBOXING = YES;
				GCC_C_LANGUAGE_STANDARD = gnu17;
				GCC_NO_COMMON_BLOCKS = YES;
				GCC_WARN_64_TO_32_BIT_CONVERSION = YES;
				GCC_WARN_ABOUT_RETURN_TYPE = YES_ERROR;
				GCC_WARN_UNDECLARED_SELECTOR = YES;
				GCC_WARN_UNINITIALIZED_AUTOS = YES_AGGRESSIVE;
				GCC_WARN_UNUSED_FUNCTION = YES;
				GCC_WARN_UNUSED_VARIABLE = YES;
				IPHONEOS_DEPLOYMENT_TARGET = 17.4;
				LOCALIZATION_PREFERS_STRING_CATALOGS = YES;
				MTL_ENABLE_DEBUG_INFO = NO;
				MTL_FAST_MATH = YES;
				SDKROOT = iphoneos;
				SWIFT_COMPILATION_MODE = wholemodule;
				VALIDATE_PRODUCT = YES;
			};
			name = Release;
		};
		B43D77E42CFA2B35002EB5A8 /* Debug */ = {
			isa = XCBuildConfiguration;
			buildSettings = {
				ASSETCATALOG_COMPILER_APPICON_NAME = AppIcon;
				ASSETCATALOG_COMPILER_GLOBAL_ACCENT_COLOR_NAME = AccentColor;
				CODE_SIGN_STYLE = Automatic;
				CURRENT_PROJECT_VERSION = 1;
				DEVELOPMENT_ASSET_PATHS = "\"EvolveAssignment/Preview Content\"";
				DEVELOPMENT_TEAM = XGXCL6K64U;
				ENABLE_PREVIEWS = YES;
				GENERATE_INFOPLIST_FILE = YES;
				INFOPLIST_FILE = EvolveAssignment/Info.plist;
				INFOPLIST_KEY_UIApplicationSceneManifest_Generation = YES;
				INFOPLIST_KEY_UIApplicationSupportsIndirectInputEvents = YES;
				INFOPLIST_KEY_UILaunchScreen_Generation = YES;
				INFOPLIST_KEY_UISupportedInterfaceOrientations_iPad = "UIInterfaceOrientationPortrait UIInterfaceOrientationPortraitUpsideDown UIInterfaceOrientationLandscapeLeft UIInterfaceOrientationLandscapeRight";
				INFOPLIST_KEY_UISupportedInterfaceOrientations_iPhone = "UIInterfaceOrientationPortrait UIInterfaceOrientationLandscapeLeft UIInterfaceOrientationLandscapeRight";
				LD_RUNPATH_SEARCH_PATHS = (
					"$(inherited)",
					"@executable_path/Frameworks",
				);
				MARKETING_VERSION = 1.0;
				PRODUCT_BUNDLE_IDENTIFIER = TheHunterCode.EvolveAssignment;
				PRODUCT_NAME = "$(TARGET_NAME)";
				SWIFT_EMIT_LOC_STRINGS = YES;
				SWIFT_VERSION = 5.0;
				TARGETED_DEVICE_FAMILY = "1,2";
			};
			name = Debug;
		};
		B43D77E52CFA2B35002EB5A8 /* Release */ = {
			isa = XCBuildConfiguration;
			buildSettings = {
				ASSETCATALOG_COMPILER_APPICON_NAME = AppIcon;
				ASSETCATALOG_COMPILER_GLOBAL_ACCENT_COLOR_NAME = AccentColor;
				CODE_SIGN_STYLE = Automatic;
				CURRENT_PROJECT_VERSION = 1;
				DEVELOPMENT_ASSET_PATHS = "\"EvolveAssignment/Preview Content\"";
				DEVELOPMENT_TEAM = XGXCL6K64U;
				ENABLE_PREVIEWS = YES;
				GENERATE_INFOPLIST_FILE = YES;
				INFOPLIST_FILE = EvolveAssignment/Info.plist;
				INFOPLIST_KEY_UIApplicationSceneManifest_Generation = YES;
				INFOPLIST_KEY_UIApplicationSupportsIndirectInputEvents = YES;
				INFOPLIST_KEY_UILaunchScreen_Generation = YES;
				INFOPLIST_KEY_UISupportedInterfaceOrientations_iPad = "UIInterfaceOrientationPortrait UIInterfaceOrientationPortraitUpsideDown UIInterfaceOrientationLandscapeLeft UIInterfaceOrientationLandscapeRight";
				INFOPLIST_KEY_UISupportedInterfaceOrientations_iPhone = "UIInterfaceOrientationPortrait UIInterfaceOrientationLandscapeLeft UIInterfaceOrientationLandscapeRight";
				LD_RUNPATH_SEARCH_PATHS = (
					"$(inherited)",
					"@executable_path/Frameworks",
				);
				MARKETING_VERSION = 1.0;
				PRODUCT_BUNDLE_IDENTIFIER = TheHunterCode.EvolveAssignment;
				PRODUCT_NAME = "$(TARGET_NAME)";
				SWIFT_EMIT_LOC_STRINGS = YES;
				SWIFT_VERSION = 5.0;
				TARGETED_DEVICE_FAMILY = "1,2";
			};
			name = Release;
		};
/* End XCBuildConfiguration section */

/* Begin XCConfigurationList section */
		B43D77D02CFA2B34002EB5A8 /* Build configuration list for PBXProject "EvolveAssignment" */ = {
			isa = XCConfigurationList;
			buildConfigurations = (
				B43D77E12CFA2B35002EB5A8 /* Debug */,
				B43D77E22CFA2B35002EB5A8 /* Release */,
			);
			defaultConfigurationIsVisible = 0;
			defaultConfigurationName = Release;
		};
		B43D77E32CFA2B35002EB5A8 /* Build configuration list for PBXNativeTarget "EvolveAssignment" */ = {
			isa = XCConfigurationList;
			buildConfigurations = (
				B43D77E42CFA2B35002EB5A8 /* Debug */,
				B43D77E52CFA2B35002EB5A8 /* Release */,
			);
			defaultConfigurationIsVisible = 0;
			defaultConfigurationName = Release;
		};
/* End XCConfigurationList section */

/* Begin XCRemoteSwiftPackageReference section */
		B43D77F12CFE0B51002EB5A8 /* XCRemoteSwiftPackageReference "SDWebImageSwiftUI" */ = {
			isa = XCRemoteSwiftPackageReference;
			repositoryURL = "https://github.com/SDWebImage/SDWebImageSwiftUI";
			requirement = {
				kind = upToNextMajorVersion;
				minimumVersion = 3.1.3;
			};
		};
/* End XCRemoteSwiftPackageReference section */

/* Begin XCSwiftPackageProductDependency section */
		B43D77F22CFE0B51002EB5A8 /* SDWebImageSwiftUI */ = {
			isa = XCSwiftPackageProductDependency;
			package = B43D77F12CFE0B51002EB5A8 /* XCRemoteSwiftPackageReference "SDWebImageSwiftUI" */;
			productName = SDWebImageSwiftUI;
		};
/* End XCSwiftPackageProductDependency section */
	};
	rootObject = B43D77CD2CFA2B34002EB5A8 /* Project object */;
}
